PODS:
  - RudderSingular (1.0.0):
    - RudderStack
    - Singular-SDK (= 11.0.4)
  - RudderStack (1.0.0-beta.5)
  - Singular-SDK (11.0.4):
    - Singular-SDK/Main (= 11.0.4)
  - Singular-SDK/Main (11.0.4)

DEPENDENCIES:
  - RudderSingular (from `.`)
  - RudderStack (from `~/Documents/Rudder/rudder-sdk-swift/`)
  - Singular-SDK (= 11.0.4)

SPEC REPOS:
  trunk:
    - Singular-SDK

EXTERNAL SOURCES:
  RudderSingular:
    :path: "."
  RudderStack:
    :path: "~/Documents/Rudder/rudder-sdk-swift/"

SPEC CHECKSUMS:
  RudderSingular: cc918fb38958610f4745dde150b0e75c645f5ee2
  RudderStack: 151db52fc1d2ccbba421c34c1916041d81cc6658
  Singular-SDK: 614350e3ed21a06b02ab165b370b212f8aaacf2b

PODFILE CHECKSUM: ba6425c375a3820522e9603ed8201d19a515e778

COCOAPODS: 1.11.3
