PODS:
  - Rudder (2.0.0)
  - RudderSingular (1.0.0):
    - Rudder (~> 2.0.0)
    - Singular-SDK (= 11.0.4)
  - Singular-SDK (11.0.4):
    - Singular-SDK/Main (= 11.0.4)
  - Singular-SDK/Main (11.0.4)

DEPENDENCIES:
  - Rudder (~> 2.0.0)
  - RudderSingular (from `.`)
  - Singular-SDK (= 11.0.4)

SPEC REPOS:
  https://github.com/CocoaPods/Specs.git:
    - Rudder
    - Singular-SDK

EXTERNAL SOURCES:
  RudderSingular:
    :path: "."

SPEC CHECKSUMS:
  Rudder: 3191eb7c0bd0158fc983e0b7e171223f701ebc7c
  RudderSingular: 88f520bc522b3a113d0f85a5856c55a0fe67322e
  Singular-SDK: 614350e3ed21a06b02ab165b370b212f8aaacf2b

PODFILE CHECKSUM: 643a8c0316bb662333356fd80a57a3d91e7d0161

COCOAPODS: 1.11.3
