// !$*UTF8*$!
{
	archiveVersion = 1;
	classes = {
	};
	objectVersion = 53;
	objects = {

/* Begin PBXBuildFile section */
		795560778E3A8FCBCA6B28B5 /* Pods_SampleAppObjC.framework in Frameworks */ = {isa = PBXBuildFile; fileRef = BB61FD96E40C023BCB0D2C6A /* Pods_SampleAppObjC.framework */; };
		EDB7218427DB4F70000EE8C4 /* AppDelegate.m in Sources */ = {isa = PBXBuildFile; fileRef = EDB7218327DB4F70000EE8C4 /* AppDelegate.m */; };
		EDB7218727DB4F70000EE8C4 /* SceneDelegate.m in Sources */ = {isa = PBXBuildFile; fileRef = EDB7218627DB4F70000EE8C4 /* SceneDelegate.m */; };
		EDB7218A27DB4F70000EE8C4 /* ViewController.m in Sources */ = {isa = PBXBuildFile; fileRef = EDB7218927DB4F70000EE8C4 /* ViewController.m */; };
		EDB7218D27DB4F70000EE8C4 /* Main.storyboard in Resources */ = {isa = PBXBuildFile; fileRef = EDB7218B27DB4F70000EE8C4 /* Main.storyboard */; };
		EDB7218F27DB4F71000EE8C4 /* Assets.xcassets in Resources */ = {isa = PBXBuildFile; fileRef = EDB7218E27DB4F71000EE8C4 /* Assets.xcassets */; };
		EDB7219227DB4F71000EE8C4 /* LaunchScreen.storyboard in Resources */ = {isa = PBXBuildFile; fileRef = EDB7219027DB4F71000EE8C4 /* LaunchScreen.storyboard */; };
		EDB7219527DB4F71000EE8C4 /* main.m in Sources */ = {isa = PBXBuildFile; fileRef = EDB7219427DB4F71000EE8C4 /* main.m */; };
/* End PBXBuildFile section */

/* Begin PBXFileReference section */
		718A0DAA37AEFA761559823D /* Pods-SampleAppObjC.debug.xcconfig */ = {isa = PBXFileReference; includeInIndex = 1; lastKnownFileType = text.xcconfig; name = "Pods-SampleAppObjC.debug.xcconfig"; path = "Target Support Files/Pods-SampleAppObjC/Pods-SampleAppObjC.debug.xcconfig"; sourceTree = "<group>"; };
		BB61FD96E40C023BCB0D2C6A /* Pods_SampleAppObjC.framework */ = {isa = PBXFileReference; explicitFileType = wrapper.framework; includeInIndex = 0; path = Pods_SampleAppObjC.framework; sourceTree = BUILT_PRODUCTS_DIR; };
		CCDD25B700A16147F546933A /* Pods-SampleAppObjC.release.xcconfig */ = {isa = PBXFileReference; includeInIndex = 1; lastKnownFileType = text.xcconfig; name = "Pods-SampleAppObjC.release.xcconfig"; path = "Target Support Files/Pods-SampleAppObjC/Pods-SampleAppObjC.release.xcconfig"; sourceTree = "<group>"; };
		EDB7217F27DB4F70000EE8C4 /* SampleAppObjC.app */ = {isa = PBXFileReference; explicitFileType = wrapper.application; includeInIndex = 0; path = SampleAppObjC.app; sourceTree = BUILT_PRODUCTS_DIR; };
		EDB7218227DB4F70000EE8C4 /* AppDelegate.h */ = {isa = PBXFileReference; lastKnownFileType = sourcecode.c.h; path = AppDelegate.h; sourceTree = "<group>"; };
		EDB7218327DB4F70000EE8C4 /* AppDelegate.m */ = {isa = PBXFileReference; lastKnownFileType = sourcecode.c.objc; path = AppDelegate.m; sourceTree = "<group>"; };
		EDB7218527DB4F70000EE8C4 /* SceneDelegate.h */ = {isa = PBXFileReference; lastKnownFileType = sourcecode.c.h; path = SceneDelegate.h; sourceTree = "<group>"; };
		EDB7218627DB4F70000EE8C4 /* SceneDelegate.m */ = {isa = PBXFileReference; lastKnownFileType = sourcecode.c.objc; path = SceneDelegate.m; sourceTree = "<group>"; };
		EDB7218827DB4F70000EE8C4 /* ViewController.h */ = {isa = PBXFileReference; lastKnownFileType = sourcecode.c.h; path = ViewController.h; sourceTree = "<group>"; };
		EDB7218927DB4F70000EE8C4 /* ViewController.m */ = {isa = PBXFileReference; lastKnownFileType = sourcecode.c.objc; path = ViewController.m; sourceTree = "<group>"; };
		EDB7218C27DB4F70000EE8C4 /* Base */ = {isa = PBXFileReference; lastKnownFileType = file.storyboard; name = Base; path = Base.lproj/Main.storyboard; sourceTree = "<group>"; };
		EDB7218E27DB4F71000EE8C4 /* Assets.xcassets */ = {isa = PBXFileReference; lastKnownFileType = folder.assetcatalog; path = Assets.xcassets; sourceTree = "<group>"; };
		EDB7219127DB4F71000EE8C4 /* Base */ = {isa = PBXFileReference; lastKnownFileType = file.storyboard; name = Base; path = Base.lproj/LaunchScreen.storyboard; sourceTree = "<group>"; };
		EDB7219327DB4F71000EE8C4 /* Info.plist */ = {isa = PBXFileReference; lastKnownFileType = text.plist.xml; path = Info.plist; sourceTree = "<group>"; };
		EDB7219427DB4F71000EE8C4 /* main.m */ = {isa = PBXFileReference; lastKnownFileType = sourcecode.c.objc; path = main.m; sourceTree = "<group>"; };
/* End PBXFileReference section */

/* Begin PBXFrameworksBuildPhase section */
		EDB7217C27DB4F70000EE8C4 /* Frameworks */ = {
			isa = PBXFrameworksBuildPhase;
			buildActionMask = 2147483647;
			files = (
				795560778E3A8FCBCA6B28B5 /* Pods_SampleAppObjC.framework in Frameworks */,
			);
			runOnlyForDeploymentPostprocessing = 0;
		};
/* End PBXFrameworksBuildPhase section */

/* Begin PBXGroup section */
		0D20BE4D11E3C23E263C3379 /* Frameworks */ = {
			isa = PBXGroup;
			children = (
				BB61FD96E40C023BCB0D2C6A /* Pods_SampleAppObjC.framework */,
			);
			name = Frameworks;
			sourceTree = "<group>";
		};
		90C1F211C6C8F02C0FA6A287 /* Pods */ = {
			isa = PBXGroup;
			children = (
				718A0DAA37AEFA761559823D /* Pods-SampleAppObjC.debug.xcconfig */,
				CCDD25B700A16147F546933A /* Pods-SampleAppObjC.release.xcconfig */,
			);
			name = Pods;
			path = ../../Pods;
			sourceTree = "<group>";
		};
		EDB7217627DB4F70000EE8C4 = {
			isa = PBXGroup;
			children = (
				EDB7218127DB4F70000EE8C4 /* SampleAppObjC */,
				EDB7218027DB4F70000EE8C4 /* Products */,
				90C1F211C6C8F02C0FA6A287 /* Pods */,
				0D20BE4D11E3C23E263C3379 /* Frameworks */,
			);
			sourceTree = "<group>";
		};
		EDB7218027DB4F70000EE8C4 /* Products */ = {
			isa = PBXGroup;
			children = (
				EDB7217F27DB4F70000EE8C4 /* SampleAppObjC.app */,
			);
			name = Products;
			sourceTree = "<group>";
		};
		EDB7218127DB4F70000EE8C4 /* SampleAppObjC */ = {
			isa = PBXGroup;
			children = (
				EDB7218227DB4F70000EE8C4 /* AppDelegate.h */,
				EDB7218327DB4F70000EE8C4 /* AppDelegate.m */,
				EDB7218527DB4F70000EE8C4 /* SceneDelegate.h */,
				EDB7218627DB4F70000EE8C4 /* SceneDelegate.m */,
				EDB7218827DB4F70000EE8C4 /* ViewController.h */,
				EDB7218927DB4F70000EE8C4 /* ViewController.m */,
				EDB7218B27DB4F70000EE8C4 /* Main.storyboard */,
				EDB7218E27DB4F71000EE8C4 /* Assets.xcassets */,
				EDB7219027DB4F71000EE8C4 /* LaunchScreen.storyboard */,
				EDB7219327DB4F71000EE8C4 /* Info.plist */,
				EDB7219427DB4F71000EE8C4 /* main.m */,
			);
			path = SampleAppObjC;
			sourceTree = "<group>";
		};
/* End PBXGroup section */

/* Begin PBXNativeTarget section */
		EDB7217E27DB4F70000EE8C4 /* SampleAppObjC */ = {
			isa = PBXNativeTarget;
			buildConfigurationList = EDB7219827DB4F71000EE8C4 /* Build configuration list for PBXNativeTarget "SampleAppObjC" */;
			buildPhases = (
				569B1A532F820915336F6674 /* [CP] Check Pods Manifest.lock */,
				EDB7217B27DB4F70000EE8C4 /* Sources */,
				EDB7217C27DB4F70000EE8C4 /* Frameworks */,
				EDB7217D27DB4F70000EE8C4 /* Resources */,
				23A84C157CE7850459A5B232 /* [CP] Embed Pods Frameworks */,
			);
			buildRules = (
			);
			dependencies = (
			);
			name = SampleAppObjC;
			productName = SampleAppObjC;
			productReference = EDB7217F27DB4F70000EE8C4 /* SampleAppObjC.app */;
			productType = "com.apple.product-type.application";
		};
/* End PBXNativeTarget section */

/* Begin PBXProject section */
		EDB7217727DB4F70000EE8C4 /* Project object */ = {
			isa = PBXProject;
			attributes = {
				BuildIndependentTargetsInParallel = 1;
				LastUpgradeCheck = 1320;
				ORGANIZATIONNAME = RudderStack;
				TargetAttributes = {
					EDB7217E27DB4F70000EE8C4 = {
						CreatedOnToolsVersion = 13.2.1;
					};
				};
			};
			buildConfigurationList = EDB7217A27DB4F70000EE8C4 /* Build configuration list for PBXProject "SampleAppObjC" */;
			compatibilityVersion = "Xcode 9.3";
			developmentRegion = en;
			hasScannedForEncodings = 0;
			knownRegions = (
				en,
				Base,
			);
			mainGroup = EDB7217627DB4F70000EE8C4;
			productRefGroup = EDB7218027DB4F70000EE8C4 /* Products */;
			projectDirPath = "";
			projectRoot = "";
			targets = (
				EDB7217E27DB4F70000EE8C4 /* SampleAppObjC */,
			);
		};
/* End PBXProject section */

/* Begin PBXResourcesBuildPhase section */
		EDB7217D27DB4F70000EE8C4 /* Resources */ = {
			isa = PBXResourcesBuildPhase;
			buildActionMask = 2147483647;
			files = (
				EDB7219227DB4F71000EE8C4 /* LaunchScreen.storyboard in Resources */,
				EDB7218F27DB4F71000EE8C4 /* Assets.xcassets in Resources */,
				EDB7218D27DB4F70000EE8C4 /* Main.storyboard in Resources */,
			);
			runOnlyForDeploymentPostprocessing = 0;
		};
/* End PBXResourcesBuildPhase section */

/* Begin PBXShellScriptBuildPhase section */
		23A84C157CE7850459A5B232 /* [CP] Embed Pods Frameworks */ = {
			isa = PBXShellScriptBuildPhase;
			buildActionMask = 2147483647;
			files = (
			);
			inputFileListPaths = (
				"${PODS_ROOT}/Target Support Files/Pods-SampleAppObjC/Pods-SampleAppObjC-frameworks-${CONFIGURATION}-input-files.xcfilelist",
			);
			name = "[CP] Embed Pods Frameworks";
			outputFileListPaths = (
				"${PODS_ROOT}/Target Support Files/Pods-SampleAppObjC/Pods-SampleAppObjC-frameworks-${CONFIGURATION}-output-files.xcfilelist",
			);
			runOnlyForDeploymentPostprocessing = 0;
			shellPath = /bin/sh;
			shellScript = "\"${PODS_ROOT}/Target Support Files/Pods-SampleAppObjC/Pods-SampleAppObjC-frameworks.sh\"\n";
			showEnvVarsInLog = 0;
		};
		569B1A532F820915336F6674 /* [CP] Check Pods Manifest.lock */ = {
			isa = PBXShellScriptBuildPhase;
			buildActionMask = 2147483647;
			files = (
			);
			inputFileListPaths = (
			);
			inputPaths = (
				"${PODS_PODFILE_DIR_PATH}/Podfile.lock",
				"${PODS_ROOT}/Manifest.lock",
			);
			name = "[CP] Check Pods Manifest.lock";
			outputFileListPaths = (
			);
			outputPaths = (
				"$(DERIVED_FILE_DIR)/Pods-SampleAppObjC-checkManifestLockResult.txt",
			);
			runOnlyForDeploymentPostprocessing = 0;
			shellPath = /bin/sh;
			shellScript = "diff \"${PODS_PODFILE_DIR_PATH}/Podfile.lock\" \"${PODS_ROOT}/Manifest.lock\" > /dev/null\nif [ $? != 0 ] ; then\n    # print error to STDERR\n    echo \"error: The sandbox is not in sync with the Podfile.lock. Run 'pod install' or update your CocoaPods installation.\" >&2\n    exit 1\nfi\n# This output is used by Xcode 'outputs' to avoid re-running this script phase.\necho \"SUCCESS\" > \"${SCRIPT_OUTPUT_FILE_0}\"\n";
			showEnvVarsInLog = 0;
		};
/* End PBXShellScriptBuildPhase section */

/* Begin PBXSourcesBuildPhase section */
		EDB7217B27DB4F70000EE8C4 /* Sources */ = {
			isa = PBXSourcesBuildPhase;
			buildActionMask = 2147483647;
			files = (
				EDB7218A27DB4F70000EE8C4 /* ViewController.m in Sources */,
				EDB7218427DB4F70000EE8C4 /* AppDelegate.m in Sources */,
				EDB7219527DB4F71000EE8C4 /* main.m in Sources */,
				EDB7218727DB4F70000EE8C4 /* SceneDelegate.m in Sources */,
			);
			runOnlyForDeploymentPostprocessing = 0;
		};
/* End PBXSourcesBuildPhase section */

/* Begin PBXVariantGroup section */
		EDB7218B27DB4F70000EE8C4 /* Main.storyboard */ = {
			isa = PBXVariantGroup;
			children = (
				EDB7218C27DB4F70000EE8C4 /* Base */,
			);
			name = Main.storyboard;
			sourceTree = "<group>";
		};
		EDB7219027DB4F71000EE8C4 /* LaunchScreen.storyboard */ = {
			isa = PBXVariantGroup;
			children = (
				EDB7219127DB4F71000EE8C4 /* Base */,
			);
			name = LaunchScreen.storyboard;
			sourceTree = "<group>";
		};
/* End PBXVariantGroup section */

/* Begin XCBuildConfiguration section */
		EDB7219627DB4F71000EE8C4 /* Debug */ = {
			isa = XCBuildConfiguration;
			buildSettings = {
				ALWAYS_SEARCH_USER_PATHS = NO;
				CLANG_ANALYZER_NONNULL = YES;
				CLANG_ANALYZER_NUMBER_OBJECT_CONVERSION = YES_AGGRESSIVE;
				CLANG_CXX_LANGUAGE_STANDARD = "gnu++17";
				CLANG_CXX_LIBRARY = "libc++";
				CLANG_ENABLE_MODULES = YES;
				CLANG_ENABLE_OBJC_ARC = YES;
				CLANG_ENABLE_OBJC_WEAK = YES;
				CLANG_WARN_BLOCK_CAPTURE_AUTORELEASING = YES;
				CLANG_WARN_BOOL_CONVERSION = YES;
				CLANG_WARN_COMMA = YES;
				CLANG_WARN_CONSTANT_CONVERSION = YES;
				CLANG_WARN_DEPRECATED_OBJC_IMPLEMENTATIONS = YES;
				CLANG_WARN_DIRECT_OBJC_ISA_USAGE = YES_ERROR;
				CLANG_WARN_DOCUMENTATION_COMMENTS = YES;
				CLANG_WARN_EMPTY_BODY = YES;
				CLANG_WARN_ENUM_CONVERSION = YES;
				CLANG_WARN_INFINITE_RECURSION = YES;
				CLANG_WARN_INT_CONVERSION = YES;
				CLANG_WARN_NON_LITERAL_NULL_CONVERSION = YES;
				CLANG_WARN_OBJC_IMPLICIT_RETAIN_SELF = YES;
				CLANG_WARN_OBJC_LITERAL_CONVERSION = YES;
				CLANG_WARN_OBJC_ROOT_CLASS = YES_ERROR;
				CLANG_WARN_QUOTED_INCLUDE_IN_FRAMEWORK_HEADER = YES;
				CLANG_WARN_RANGE_LOOP_ANALYSIS = YES;
				CLANG_WARN_STRICT_PROTOTYPES = YES;
				CLANG_WARN_SUSPICIOUS_MOVE = YES;
				CLANG_WARN_UNGUARDED_AVAILABILITY = YES_AGGRESSIVE;
				CLANG_WARN_UNREACHABLE_CODE = YES;
				CLANG_WARN__DUPLICATE_METHOD_MATCH = YES;
				COPY_PHASE_STRIP = NO;
				DEBUG_INFORMATION_FORMAT = dwarf;
				ENABLE_STRICT_OBJC_MSGSEND = YES;
				ENABLE_TESTABILITY = YES;
				GCC_C_LANGUAGE_STANDARD = gnu11;
				GCC_DYNAMIC_NO_PIC = NO;
				GCC_NO_COMMON_BLOCKS = YES;
				GCC_OPTIMIZATION_LEVEL = 0;
				GCC_PREPROCESSOR_DEFINITIONS = (
					"DEBUG=1",
					"$(inherited)",
				);
				GCC_WARN_64_TO_32_BIT_CONVERSION = YES;
				GCC_WARN_ABOUT_RETURN_TYPE = YES_ERROR;
				GCC_WARN_UNDECLARED_SELECTOR = YES;
				GCC_WARN_UNINITIALIZED_AUTOS = YES_AGGRESSIVE;
				GCC_WARN_UNUSED_FUNCTION = YES;
				GCC_WARN_UNUSED_VARIABLE = YES;
				IPHONEOS_DEPLOYMENT_TARGET = 13.0;
				MTL_ENABLE_DEBUG_INFO = INCLUDE_SOURCE;
				MTL_FAST_MATH = YES;
				ONLY_ACTIVE_ARCH = YES;
				SDKROOT = iphoneos;
			};
			name = Debug;
		};
		EDB7219727DB4F71000EE8C4 /* Release */ = {
			isa = XCBuildConfiguration;
			buildSettings = {
				ALWAYS_SEARCH_USER_PATHS = NO;
				CLANG_ANALYZER_NONNULL = YES;
				CLANG_ANALYZER_NUMBER_OBJECT_CONVERSION = YES_AGGRESSIVE;
				CLANG_CXX_LANGUAGE_STANDARD = "gnu++17";
				CLANG_CXX_LIBRARY = "libc++";
				CLANG_ENABLE_MODULES = YES;
				CLANG_ENABLE_OBJC_ARC = YES;
				CLANG_ENABLE_OBJC_WEAK = YES;
				CLANG_WARN_BLOCK_CAPTURE_AUTORELEASING = YES;
				CLANG_WARN_BOOL_CONVERSION = YES;
				CLANG_WARN_COMMA = YES;
				CLANG_WARN_CONSTANT_CONVERSION = YES;
				CLANG_WARN_DEPRECATED_OBJC_IMPLEMENTATIONS = YES;
				CLANG_WARN_DIRECT_OBJC_ISA_USAGE = YES_ERROR;
				CLANG_WARN_DOCUMENTATION_COMMENTS = YES;
				CLANG_WARN_EMPTY_BODY = YES;
				CLANG_WARN_ENUM_CONVERSION = YES;
				CLANG_WARN_INFINITE_RECURSION = YES;
				CLANG_WARN_INT_CONVERSION = YES;
				CLANG_WARN_NON_LITERAL_NULL_CONVERSION = YES;
				CLANG_WARN_OBJC_IMPLICIT_RETAIN_SELF = YES;
				CLANG_WARN_OBJC_LITERAL_CONVERSION = YES;
				CLANG_WARN_OBJC_ROOT_CLASS = YES_ERROR;
				CLANG_WARN_QUOTED_INCLUDE_IN_FRAMEWORK_HEADER = YES;
				CLANG_WARN_RANGE_LOOP_ANALYSIS = YES;
				CLANG_WARN_STRICT_PROTOTYPES = YES;
				CLANG_WARN_SUSPICIOUS_MOVE = YES;
				CLANG_WARN_UNGUARDED_AVAILABILITY = YES_AGGRESSIVE;
				CLANG_WARN_UNREACHABLE_CODE = YES;
				CLANG_WARN__DUPLICATE_METHOD_MATCH = YES;
				COPY_PHASE_STRIP = NO;
				DEBUG_INFORMATION_FORMAT = "dwarf-with-dsym";
				ENABLE_NS_ASSERTIONS = NO;
				ENABLE_STRICT_OBJC_MSGSEND = YES;
				GCC_C_LANGUAGE_STANDARD = gnu11;
				GCC_NO_COMMON_BLOCKS = YES;
				GCC_WARN_64_TO_32_BIT_CONVERSION = YES;
				GCC_WARN_ABOUT_RETURN_TYPE = YES_ERROR;
				GCC_WARN_UNDECLARED_SELECTOR = YES;
				GCC_WARN_UNINITIALIZED_AUTOS = YES_AGGRESSIVE;
				GCC_WARN_UNUSED_FUNCTION = YES;
				GCC_WARN_UNUSED_VARIABLE = YES;
				IPHONEOS_DEPLOYMENT_TARGET = 13.0;
				MTL_ENABLE_DEBUG_INFO = NO;
				MTL_FAST_MATH = YES;
				SDKROOT = iphoneos;
				VALIDATE_PRODUCT = YES;
			};
			name = Release;
		};
		EDB7219927DB4F71000EE8C4 /* Debug */ = {
			isa = XCBuildConfiguration;
			baseConfigurationReference = 718A0DAA37AEFA761559823D /* Pods-SampleAppObjC.debug.xcconfig */;
			buildSettings = {
				ASSETCATALOG_COMPILER_APPICON_NAME = AppIcon;
				ASSETCATALOG_COMPILER_GLOBAL_ACCENT_COLOR_NAME = AccentColor;
				CODE_SIGN_STYLE = Automatic;
				CURRENT_PROJECT_VERSION = 1;
				DEVELOPMENT_TEAM = Z6DGB573C6;
				GENERATE_INFOPLIST_FILE = YES;
				INFOPLIST_FILE = SampleAppObjC/Info.plist;
				INFOPLIST_KEY_UIApplicationSupportsIndirectInputEvents = YES;
				INFOPLIST_KEY_UILaunchStoryboardName = LaunchScreen;
				INFOPLIST_KEY_UIMainStoryboardFile = Main;
				INFOPLIST_KEY_UISupportedInterfaceOrientations = UIInterfaceOrientationPortrait;
				INFOPLIST_KEY_UISupportedInterfaceOrientations_iPad = "UIInterfaceOrientationPortrait UIInterfaceOrientationPortraitUpsideDown UIInterfaceOrientationLandscapeLeft UIInterfaceOrientationLandscapeRight";
				INFOPLIST_KEY_UISupportedInterfaceOrientations_iPhone = "UIInterfaceOrientationPortrait UIInterfaceOrientationLandscapeLeft UIInterfaceOrientationLandscapeRight";
				IPHONEOS_DEPLOYMENT_TARGET = 13.0;
				LD_RUNPATH_SEARCH_PATHS = (
					"$(inherited)",
					"@executable_path/Frameworks",
				);
				MARKETING_VERSION = 1.0.0;
				PRODUCT_BUNDLE_IDENTIFIER = com.rudderstack.integration.test.ios;
				PRODUCT_NAME = "$(TARGET_NAME)";
				SWIFT_EMIT_LOC_STRINGS = YES;
				TARGETED_DEVICE_FAMILY = "1,2";
			};
			name = Debug;
		};
		EDB7219A27DB4F71000EE8C4 /* Release */ = {
			isa = XCBuildConfiguration;
			baseConfigurationReference = CCDD25B700A16147F546933A /* Pods-SampleAppObjC.release.xcconfig */;
			buildSettings = {
				ASSETCATALOG_COMPILER_APPICON_NAME = AppIcon;
				ASSETCATALOG_COMPILER_GLOBAL_ACCENT_COLOR_NAME = AccentColor;
				CODE_SIGN_STYLE = Automatic;
				CURRENT_PROJECT_VERSION = 1;
				DEVELOPMENT_TEAM = Z6DGB573C6;
				GENERATE_INFOPLIST_FILE = YES;
				INFOPLIST_FILE = SampleAppObjC/Info.plist;
				INFOPLIST_KEY_UIApplicationSupportsIndirectInputEvents = YES;
				INFOPLIST_KEY_UILaunchStoryboardName = LaunchScreen;
				INFOPLIST_KEY_UIMainStoryboardFile = Main;
				INFOPLIST_KEY_UISupportedInterfaceOrientations = UIInterfaceOrientationPortrait;
				INFOPLIST_KEY_UISupportedInterfaceOrientations_iPad = "UIInterfaceOrientationPortrait UIInterfaceOrientationPortraitUpsideDown UIInterfaceOrientationLandscapeLeft UIInterfaceOrientationLandscapeRight";
				INFOPLIST_KEY_UISupportedInterfaceOrientations_iPhone = "UIInterfaceOrientationPortrait UIInterfaceOrientationLandscapeLeft UIInterfaceOrientationLandscapeRight";
				IPHONEOS_DEPLOYMENT_TARGET = 13.0;
				LD_RUNPATH_SEARCH_PATHS = (
					"$(inherited)",
					"@executable_path/Frameworks",
				);
				MARKETING_VERSION = 1.0.0;
				PRODUCT_BUNDLE_IDENTIFIER = com.rudderstack.integration.test.ios;
				PRODUCT_NAME = "$(TARGET_NAME)";
				SWIFT_EMIT_LOC_STRINGS = YES;
				TARGETED_DEVICE_FAMILY = "1,2";
			};
			name = Release;
		};
/* End XCBuildConfiguration section */

/* Begin XCConfigurationList section */
		EDB7217A27DB4F70000EE8C4 /* Build configuration list for PBXProject "SampleAppObjC" */ = {
			isa = XCConfigurationList;
			buildConfigurations = (
				EDB7219627DB4F71000EE8C4 /* Debug */,
				EDB7219727DB4F71000EE8C4 /* Release */,
			);
			defaultConfigurationIsVisible = 0;
			defaultConfigurationName = Release;
		};
		EDB7219827DB4F71000EE8C4 /* Build configuration list for PBXNativeTarget "SampleAppObjC" */ = {
			isa = XCConfigurationList;
			buildConfigurations = (
				EDB7219927DB4F71000EE8C4 /* Debug */,
				EDB7219A27DB4F71000EE8C4 /* Release */,
			);
			defaultConfigurationIsVisible = 0;
			defaultConfigurationName = Release;
		};
/* End XCConfigurationList section */
	};
	rootObject = EDB7217727DB4F70000EE8C4 /* Project object */;
}
